lockfileVersion: '6.0'

settings:
  autoInstallPeers: true
  excludeLinksFromLockfile: false

dependencies:
  altgosling:
    specifier: ^0.0.1
    version: link:../altgosling
  gosling.js:
    specifier: ^1.0.0
    version: link:../gosling.js
  higlass-text:
    specifier: ^0.1.6
    version: 0.1.6

packages:

  /d3-array@2.12.1:
    resolution: {integrity: sha512-B0ErZK/66mHtEsR1TkPEEkwdy+WDesimkM5gpZr5Dsg54BiTA5RXtYW5qTLIAcekaS9xfZrzBLF/OAkB3Qn1YQ==}
    dependencies:
      internmap: 1.0.1
    dev: false

  /d3-color@2.0.0:
    resolution: {integrity: sha512-SPXi0TSKPD4g9tw0NMZFnR95XVgUZiBH+uUTqQuDu1OsE2zomHU7ho0FISciaPvosimixwHFl3WHLGabv6dDgQ==}
    dev: false

  /d3-color@3.1.0:
    resolution: {integrity: sha512-zg/chbXyeBtMQ1LbD/WSoW2DpC3I0mpmPdW+ynRTj/x2DAWYrIY7qeZIHidozwV24m4iavr15lNwIwLxRmOxhA==}
    engines: {node: '>=12'}
    dev: false

  /d3-format@3.1.0:
    resolution: {integrity: sha512-YyUI6AEuY/Wpt8KWLgZHsIU86atmikuoOmCfommt0LYHiQSPjvX2AcFc38PX0CBpr2RCyZhjex+NS/LPOv6YqA==}
    engines: {node: '>=12'}
    dev: false

  /d3-interpolate@3.0.1:
    resolution: {integrity: sha512-3bYs1rOD33uo8aqJfKP3JWPAibgw8Zm2+L9vBKEHJ2Rg+viTR7o5Mmv5mZcieN+FRYaAOWX5SJATX6k1PWz72g==}
    engines: {node: '>=12'}
    dependencies:
      d3-color: 2.0.0
    dev: false

  /d3-scale@4.0.2:
    resolution: {integrity: sha512-GZW464g1SH7ag3Y7hXjf8RoUuAFIqklOAq3MRl4OaWabTFJY9PN/E1YklhXLh+OQ3fM9yS2nOkCoS+WLZ6kvxQ==}
    engines: {node: '>=12'}
    dependencies:
      d3-array: 2.12.1
      d3-format: 3.1.0
      d3-interpolate: 3.0.1
      d3-time: 3.1.0
      d3-time-format: 4.1.0
    dev: false

  /d3-time-format@4.1.0:
    resolution: {integrity: sha512-dJxPBlzC7NugB2PDLwo9Q8JiTR3M3e4/XANkreKSUxF8vvXKqm1Yfq4Q5dl8budlunRVlUUaDUgFt7eA8D6NLg==}
    engines: {node: '>=12'}
    dependencies:
      d3-time: 3.1.0
    dev: false

  /d3-time@3.1.0:
    resolution: {integrity: sha512-VqKjzBLejbSMT4IgbmVgDjpkYrNWUYJnbCGo874u7MMKIWsILRX+OpX/gTk8MqjpT1A/c6HY2dCA77ZN0lkQ2Q==}
    engines: {node: '>=12'}
    dependencies:
      d3-array: 2.12.1
    dev: false

  /higlass-register@0.3.0:
    resolution: {integrity: sha512-D4I+ATxFuTn+Q6p8Y9rUa+X3b3cqMqhu9Tya6uHtvgV5cs39Mk7i6Z+7PMA8YuwQd5gLMSxCm2lCyWmxRVBQsQ==}
    dev: false

  /higlass-text@0.1.6:
    resolution: {integrity: sha512-sjAROJfE38bSP72XncPTBV4AeYRs50N85OqRXooEwXF5zKVssBv1EKrvls0ralnSQ1aZX74cB/hTskbI91iRng==}
    dependencies:
      d3-color: 3.1.0
      d3-scale: 4.0.2
      higlass-register: 0.3.0
      slugid: 2.0.0
    dev: false

  /internmap@1.0.1:
    resolution: {integrity: sha512-lDB5YccMydFBtasVtxnZ3MRBHuaoE8GKsppq+EchKL2U4nK/DmEpPHNH8MZe5HkMtpSiTSOZwfN0tzYjO/lJEw==}
    dev: false

  /slugid@2.0.0:
    resolution: {integrity: sha512-zTCivUfTk2GC6MU4Fjcz0iXwAjhe0NweMJqpfWcGrBbrm2dWtVAUupAonfsc7ysw4M0kZ934Nle5ljwM2dR+/g==}
    dependencies:
      uuid: 3.4.0
      uuid-parse: 1.1.0
    dev: false

  /uuid-parse@1.1.0:
    resolution: {integrity: sha512-OdmXxA8rDsQ7YpNVbKSJkNzTw2I+S5WsbMDnCtIWSQaosNAcWtFuI/YK1TjzUI6nbkgiqEyh8gWngfcv8Asd9A==}
    dev: false

  /uuid@3.4.0:
    resolution: {integrity: sha512-HjSDRw6gZE5JMggctHBcjVak08+KEVhSIiDzFnT9S9aegmp85S/bReBVTb4QTFaRNptJ9kuYaNhnbNEOkbKb/A==}
    deprecated: Please upgrade  to version 7 or higher.  Older versions may use Math.random() in certain circumstances, which is known to be problematic.  See https://v8.dev/blog/math-random for details.
    hasBin: true
    dev: false
